github.com/cyberphone/json-canonicalization v0.0.0-20241213102144-19d51d7fe467 h1:uX1JmpONuD549D73r6cgnxyUu18Zb7yHAy5AYU0Pm4Q=
github.com/cyberphone/json-canonicalization v0.0.0-20241213102144-19d51d7fe467/go.mod h1:uzvlm1mxhHkdfqitSA92i7Se+S9ksOn3a3qmv/kyOCw=
go.yaml.in/yaml/v3 v3.0.5 h1:N6y/pJk8buWs9NY5ERU2HSMfm+IuD/OtfdAnq6kESPw=
go.yaml.in/yaml/v3 v3.0.5/go.mod h1:HVTZu1O7/Vkt2N+BFy8Zza+lnLsABggaTM2ZpNIGuKg=
